
Microsoft Visual Studio Solution File, Format Version 12.00
# Visual Studio Version 17
VisualStudioVersion = 17.7.34018.315
MinimumVisualStudioVersion = 10.0.40219.1
Project("{FAE04EC0-301F-11D3-BF4B-00C04F79EFBC}") = "BrightAcademyApp.Entity", "BrightAcademyApp.Entity\BrightAcademyApp.Entity.csproj", "{C86D98EA-DC02-45F9-A854-9966C8BFC88B}"
EndProject
Project("{FAE04EC0-301F-11D3-BF4B-00C04F79EFBC}") = "BrightAcademyApp.Data", "BrightAcademyApp.Data\BrightAcademyApp.Data.csproj", "{9C15A884-7A25-4051-A084-8D6E703DBF7B}"
EndProject
Project("{FAE04EC0-301F-11D3-BF4B-00C04F79EFBC}") = "BrightAcademyApp.Business", "BrightAcademyApp.Business\BrightAcademyApp.Business.csproj", "{CA937A68-AA8B-4BBB-AB0D-6741DE34BD4B}"
EndProject
Project("{FAE04EC0-301F-11D3-BF4B-00C04F79EFBC}") = "BrightAcademyApp.Shared", "BrightAcademyApp.Shared\BrightAcademyApp.Shared.csproj", "{364EA9E2-82AA-49CF-9A3B-2FC8B0ADE9CD}"
EndProject
Project("{FAE04EC0-301F-11D3-BF4B-00C04F79EFBC}") = "BrightAcademyApp.API", "BrightAcademyApp.API\BrightAcademyApp.API.csproj", "{DCDB8237-1B54-47D2-8F1B-9F65229C9A92}"
EndProject
Global
	GlobalSection(SolutionConfigurationPlatforms) = preSolution
		Debug|Any CPU = Debug|Any CPU
		Release|Any CPU = Release|Any CPU
	EndGlobalSection
	GlobalSection(ProjectConfigurationPlatforms) = postSolution
		{C86D98EA-DC02-45F9-A854-9966C8BFC88B}.Debug|Any CPU.ActiveCfg = Debug|Any CPU
		{C86D98EA-DC02-45F9-A854-9966C8BFC88B}.Debug|Any CPU.Build.0 = Debug|Any CPU
		{C86D98EA-DC02-45F9-A854-9966C8BFC88B}.Release|Any CPU.ActiveCfg = Release|Any CPU
		{C86D98EA-DC02-45F9-A854-9966C8BFC88B}.Release|Any CPU.Build.0 = Release|Any CPU
		{9C15A884-7A25-4051-A084-8D6E703DBF7B}.Debug|Any CPU.ActiveCfg = Debug|Any CPU
		{9C15A884-7A25-4051-A084-8D6E703DBF7B}.Debug|Any CPU.Build.0 = Debug|Any CPU
		{9C15A884-7A25-4051-A084-8D6E703DBF7B}.Release|Any CPU.ActiveCfg = Release|Any CPU
		{9C15A884-7A25-4051-A084-8D6E703DBF7B}.Release|Any CPU.Build.0 = Release|Any CPU
		{CA937A68-AA8B-4BBB-AB0D-6741DE34BD4B}.Debug|Any CPU.ActiveCfg = Debug|Any CPU
		{CA937A68-AA8B-4BBB-AB0D-6741DE34BD4B}.Debug|Any CPU.Build.0 = Debug|Any CPU
		{CA937A68-AA8B-4BBB-AB0D-6741DE34BD4B}.Release|Any CPU.ActiveCfg = Release|Any CPU
		{CA937A68-AA8B-4BBB-AB0D-6741DE34BD4B}.Release|Any CPU.Build.0 = Release|Any CPU
		{364EA9E2-82AA-49CF-9A3B-2FC8B0ADE9CD}.Debug|Any CPU.ActiveCfg = Debug|Any CPU
		{364EA9E2-82AA-49CF-9A3B-2FC8B0ADE9CD}.Debug|Any CPU.Build.0 = Debug|Any CPU
		{364EA9E2-82AA-49CF-9A3B-2FC8B0ADE9CD}.Release|Any CPU.ActiveCfg = Release|Any CPU
		{364EA9E2-82AA-49CF-9A3B-2FC8B0ADE9CD}.Release|Any CPU.Build.0 = Release|Any CPU
		{DCDB8237-1B54-47D2-8F1B-9F65229C9A92}.Debug|Any CPU.ActiveCfg = Debug|Any CPU
		{DCDB8237-1B54-47D2-8F1B-9F65229C9A92}.Debug|Any CPU.Build.0 = Debug|Any CPU
		{DCDB8237-1B54-47D2-8F1B-9F65229C9A92}.Release|Any CPU.ActiveCfg = Release|Any CPU
		{DCDB8237-1B54-47D2-8F1B-9F65229C9A92}.Release|Any CPU.Build.0 = Release|Any CPU
	EndGlobalSection
	GlobalSection(SolutionProperties) = preSolution
		HideSolutionNode = FALSE
	EndGlobalSection
	GlobalSection(ExtensibilityGlobals) = postSolution
		SolutionGuid = {85F22640-2384-4508-9BC4-D45EFD8777BD}
	EndGlobalSection
EndGlobal
